Microsoft Visual Studio Solution File, Format Version 12.00
# Visual Studio Version 17
VisualStudioVersion = 17.5.2.0
MinimumVisualStudioVersion = 10.0.40219.1
Project("{FAE04EC0-301F-11D3-BF4B-00C04F79EFBC}") = "EquirectangularSkyboxDemo", "EquirectangularSkyboxDemo.csproj", "{13EBFF52-C74D-D065-D4F3-8869AB47D9A6}"
EndProject
Global
	GlobalSection(SolutionConfigurationPlatforms) = preSolution
		Debug|Any CPU = Debug|Any CPU
		Release|Any CPU = Release|Any CPU
	EndGlobalSection
	GlobalSection(ProjectConfigurationPlatforms) = postSolution
		{13EBFF52-C74D-D065-D4F3-8869AB47D9A6}.Debug|Any CPU.ActiveCfg = Debug|Any CPU
		{13EBFF52-C74D-D065-D4F3-8869AB47D9A6}.Debug|Any CPU.Build.0 = Debug|Any CPU
		{13EBFF52-C74D-D065-D4F3-8869AB47D9A6}.Release|Any CPU.ActiveCfg = Release|Any CPU
		{13EBFF52-C74D-D065-D4F3-8869AB47D9A6}.Release|Any CPU.Build.0 = Release|Any CPU
	EndGlobalSection
	GlobalSection(SolutionProperties) = preSolution
		HideSolutionNode = FALSE
	EndGlobalSection
	GlobalSection(ExtensibilityGlobals) = postSolution
		SolutionGuid = {C0AF8F81-3CAF-4D09-82C6-6EB63126E07F}
	EndGlobalSection
EndGlobal
